{
  "name": "firmata-web",
  "version": "2.3.2",
  "lockfileVersion": 2,
  "requires": true,
  "packages": {
    "": {
      "name": "firmata-web",
      "version": "2.3.2",
      "license": "MIT",
      "devDependencies": {
        "@types/w3c-web-usb": "^1.0.6"
      }
    },
    "node_modules/@types/w3c-web-usb": {
      "version": "1.0.6",
      "resolved": "https://registry.npmjs.org/@types/w3c-web-usb/-/w3c-web-usb-1.0.6.tgz",
      "integrity": "sha512-cSjhgrr8g4KbPnnijAr/KJDNKa/bBa+ixYkywFRvrhvi9n1WEl7yYbtRyzE6jqNQiSxxJxoAW3STaOQwJHndaw==",
      "dev": true
    }
  },
  "dependencies": {
    "@types/w3c-web-usb": {
      "version": "1.0.6",
      "resolved": "https://registry.npmjs.org/@types/w3c-web-usb/-/w3c-web-usb-1.0.6.tgz",
      "integrity": "sha512-cSjhgrr8g4KbPnnijAr/KJDNKa/bBa+ixYkywFRvrhvi9n1WEl7yYbtRyzE6jqNQiSxxJxoAW3STaOQwJHndaw==",
      "dev": true
    }
  }
}
